{
  "name": "@walletconnect/jsonrpc-http-connection",
  "version": "1.0.7",
  "lockfileVersion": 2,
  "requires": true,
  "packages": {
    "": {
      "name": "@walletconnect/jsonrpc-http-connection",
      "version": "1.0.7",
      "license": "MIT",
      "dependencies": {
        "cross-fetch": "^3.1.4"
      }
    },
    "../../misc/environment": {
      "name": "@walletconnect/environment",
      "version": "1.0.1",
      "extraneous": true,
      "license": "MIT",
      "dependencies": {
        "tslib": "1.14.1"
      },
      "devDependencies": {
        "@types/jest": "^26.0.15",
        "@types/node": "^14.14.7",
        "husky": "^4.3.0",
        "typescript": "^4.9.5",
        "webpack": "^4.41.6",
        "webpack-cli": "^3.3.11"
      }
    },
    "../../misc/safe-json": {
      "name": "@walletconnect/safe-json",
      "version": "1.0.2",
      "extraneous": true,
      "license": "MIT",
      "dependencies": {
        "tslib": "1.14.1"
      },
      "devDependencies": {
        "@types/bn.js": "4.11.6",
        "@types/jest": "^26.0.15",
        "@types/node": "^14.14.7",
        "husky": "^4.3.0",
        "typescript": "^4.9.5",
        "webpack": "^4.41.6",
        "webpack-cli": "^3.3.11"
      }
    },
    "../types": {
      "name": "@walletconnect/jsonrpc-types",
      "version": "1.0.3",
      "extraneous": true,
      "license": "MIT",
      "dependencies": {
        "keyvaluestorage-interface": "^1.0.0",
        "tslib": "1.14.1"
      },
      "devDependencies": {
        "@babel/cli": "^7.12.1",
        "@babel/core": "^7.12.3",
        "@babel/node": "^7.12.1",
        "@babel/polyfill": "^7.12.1",
        "@babel/preset-env": "^7.12.1",
        "@babel/preset-typescript": "^7.12.1",
        "@babel/register": "^7.12.1",
        "@types/chai": "^4.2.14",
        "@types/jest": "^26.0.15",
        "@types/mocha": "^8.2.0",
        "@types/node": "^14.14.7",
        "@typescript-eslint/eslint-plugin": "^2.24.0",
        "@typescript-eslint/parser": "^2.24.0",
        "chai": "^4.2.0",
        "core-js": "^3.6.5",
        "eslint": "^5.16.0",
        "eslint-config-prettier": "^6.10.0",
        "eslint-config-standard": "^12.0.0",
        "eslint-plugin-import": "^2.20.1",
        "eslint-plugin-node": "^9.2.0",
        "eslint-plugin-prettier": "^3.1.2",
        "eslint-plugin-promise": "^4.2.1",
        "eslint-plugin-react": "^7.19.0",
        "eslint-plugin-standard": "^4.0.1",
        "mocha": "^8.1.3",
        "npm-run-all": "^4.1.5",
        "prettier": "^1.19.1",
        "typescript": "^4.9.5",
        "webpack": "^4.41.6",
        "webpack-cli": "^3.3.11"
      }
    },
    "../utils": {
      "name": "@walletconnect/jsonrpc-utils",
      "version": "1.0.8",
      "extraneous": true,
      "license": "MIT",
      "dependencies": {
        "@walletconnect/environment": "^1.0.1",
        "@walletconnect/jsonrpc-types": "^1.0.3",
        "tslib": "1.14.1"
      },
      "devDependencies": {
        "@babel/cli": "^7.12.1",
        "@babel/core": "^7.12.3",
        "@babel/node": "^7.12.1",
        "@babel/polyfill": "^7.12.1",
        "@babel/preset-env": "^7.12.1",
        "@babel/preset-typescript": "^7.12.1",
        "@babel/register": "^7.12.1",
        "@types/chai": "^4.2.14",
        "@types/jest": "^26.0.15",
        "@types/lodash.isequal": "^4.5.5",
        "@types/mocha": "^8.2.0",
        "@types/node": "^14.14.7",
        "@typescript-eslint/eslint-plugin": "^2.24.0",
        "@typescript-eslint/parser": "^2.24.0",
        "@walletconnect/timestamp": "^1.0.0",
        "chai": "^4.2.0",
        "core-js": "^3.6.5",
        "eslint": "^5.16.0",
        "eslint-config-prettier": "^6.10.0",
        "eslint-config-standard": "^12.0.0",
        "eslint-plugin-import": "^2.20.1",
        "eslint-plugin-node": "^9.2.0",
        "eslint-plugin-prettier": "^3.1.2",
        "eslint-plugin-promise": "^4.2.1",
        "eslint-plugin-react": "^7.19.0",
        "eslint-plugin-standard": "^4.0.1",
        "lodash.isequal": "4.5.0",
        "mocha": "^8.1.3",
        "npm-run-all": "^4.1.5",
        "prettier": "^1.19.1",
        "ts-node": "^9.0.0",
        "typescript": "^4.9.5",
        "webpack": "^4.41.6",
        "webpack-cli": "^3.3.11"
      }
    },
    "node_modules/cross-fetch": {
      "version": "3.1.8",
      "resolved": "https://registry.npmjs.org/cross-fetch/-/cross-fetch-3.1.8.tgz",
      "integrity": "sha512-cvA+JwZoU0Xq+h6WkMvAUqPEYy92Obet6UdKLfW60qn99ftItKjB5T+BkyWOFWe2pUyfQ+IJHmpOTznqk1M6Kg==",
      "dependencies": {
        "node-fetch": "^2.6.12"
      }
    },
    "node_modules/node-fetch": {
      "version": "2.6.12",
      "resolved": "https://registry.npmjs.org/node-fetch/-/node-fetch-2.6.12.tgz",
      "integrity": "sha512-C/fGU2E8ToujUivIO0H+tpQ6HWo4eEmchoPIoXtxCrVghxdKq+QOHqEZW7tuP3KlV3bC8FRMO5nMCC7Zm1VP6g==",
      "dependencies": {
        "whatwg-url": "^5.0.0"
      },
      "engines": {
        "node": "4.x || >=6.0.0"
      },
      "peerDependencies": {
        "encoding": "^0.1.0"
      },
      "peerDependenciesMeta": {
        "encoding": {
          "optional": true
        }
      }
    },
    "node_modules/tr46": {
      "version": "0.0.3",
      "resolved": "https://registry.npmjs.org/tr46/-/tr46-0.0.3.tgz",
      "integrity": "sha512-N3WMsuqV66lT30CrXNbEjx4GEwlow3v6rr4mCcv6prnfwhS01rkgyFdjPNBYd9br7LpXV1+Emh01fHnq2Gdgrw=="
    },
    "node_modules/webidl-conversions": {
      "version": "3.0.1",
      "resolved": "https://registry.npmjs.org/webidl-conversions/-/webidl-conversions-3.0.1.tgz",
      "integrity": "sha512-2JAn3z8AR6rjK8Sm8orRC0h/bcl/DqL7tRPdGZ4I1CjdF+EaMLmYxBHyXuKL849eucPFhvBoxMsflfOb8kxaeQ=="
    },
    "node_modules/whatwg-url": {
      "version": "5.0.0",
      "resolved": "https://registry.npmjs.org/whatwg-url/-/whatwg-url-5.0.0.tgz",
      "integrity": "sha512-saE57nupxk6v3HY35+jzBwYa0rKSy0XR8JSxZPwgLr7ys0IBzhGviA1/TUGJLmSVqs8pb9AnvICXEuOHLprYTw==",
      "dependencies": {
        "tr46": "~0.0.3",
        "webidl-conversions": "^3.0.0"
      }
    }
  },
  "dependencies": {
    "cross-fetch": {
      "version": "3.1.8",
      "resolved": "https://registry.npmjs.org/cross-fetch/-/cross-fetch-3.1.8.tgz",
      "integrity": "sha512-cvA+JwZoU0Xq+h6WkMvAUqPEYy92Obet6UdKLfW60qn99ftItKjB5T+BkyWOFWe2pUyfQ+IJHmpOTznqk1M6Kg==",
      "requires": {
        "node-fetch": "^2.6.12"
      }
    },
    "node-fetch": {
      "version": "2.6.12",
      "resolved": "https://registry.npmjs.org/node-fetch/-/node-fetch-2.6.12.tgz",
      "integrity": "sha512-C/fGU2E8ToujUivIO0H+tpQ6HWo4eEmchoPIoXtxCrVghxdKq+QOHqEZW7tuP3KlV3bC8FRMO5nMCC7Zm1VP6g==",
      "requires": {
        "whatwg-url": "^5.0.0"
      }
    },
    "tr46": {
      "version": "0.0.3",
      "resolved": "https://registry.npmjs.org/tr46/-/tr46-0.0.3.tgz",
      "integrity": "sha512-N3WMsuqV66lT30CrXNbEjx4GEwlow3v6rr4mCcv6prnfwhS01rkgyFdjPNBYd9br7LpXV1+Emh01fHnq2Gdgrw=="
    },
    "webidl-conversions": {
      "version": "3.0.1",
      "resolved": "https://registry.npmjs.org/webidl-conversions/-/webidl-conversions-3.0.1.tgz",
      "integrity": "sha512-2JAn3z8AR6rjK8Sm8orRC0h/bcl/DqL7tRPdGZ4I1CjdF+EaMLmYxBHyXuKL849eucPFhvBoxMsflfOb8kxaeQ=="
    },
    "whatwg-url": {
      "version": "5.0.0",
      "resolved": "https://registry.npmjs.org/whatwg-url/-/whatwg-url-5.0.0.tgz",
      "integrity": "sha512-saE57nupxk6v3HY35+jzBwYa0rKSy0XR8JSxZPwgLr7ys0IBzhGviA1/TUGJLmSVqs8pb9AnvICXEuOHLprYTw==",
      "requires": {
        "tr46": "~0.0.3",
        "webidl-conversions": "^3.0.0"
      }
    }
  }
}
